
Microsoft Visual Studio Solution File, Format Version 12.00
# Visual Studio Version 17
VisualStudioVersion = 17.11.35208.52
MinimumVisualStudioVersion = 10.0.40219.1
Project("{FAE04EC0-301F-11D3-BF4B-00C04F79EFBC}") = "coffeeManagement", "coffeeManagement\coffeeManagement.csproj", "{DC0C55AB-C263-412A-B64D-FD56774A5B0F}"
EndProject
Global
	GlobalSection(SolutionConfigurationPlatforms) = preSolution
		Debug|Any CPU = Debug|Any CPU
		Release|Any CPU = Release|Any CPU
	EndGlobalSection
	GlobalSection(ProjectConfigurationPlatforms) = postSolution
		{DC0C55AB-C263-412A-B64D-FD56774A5B0F}.Debug|Any CPU.ActiveCfg = Debug|Any CPU
		{DC0C55AB-C263-412A-B64D-FD56774A5B0F}.Debug|Any CPU.Build.0 = Debug|Any CPU
		{DC0C55AB-C263-412A-B64D-FD56774A5B0F}.Release|Any CPU.ActiveCfg = Release|Any CPU
		{DC0C55AB-C263-412A-B64D-FD56774A5B0F}.Release|Any CPU.Build.0 = Release|Any CPU
	EndGlobalSection
	GlobalSection(SolutionProperties) = preSolution
		HideSolutionNode = FALSE
	EndGlobalSection
	GlobalSection(ExtensibilityGlobals) = postSolution
		SolutionGuid = {64A34028-F505-4839-A42E-A9FD7416DAC2}
	EndGlobalSection
EndGlobal
